// !$*UTF8*$!
{
	archiveVersion = 1;
	classes = {
	};
	objectVersion = 46;
	objects = {

/* Begin PBXBuildFile section */
		BFF8D7F71A404E1600910414 /* AppDelegate.swift in Sources */ = {isa = PBXBuildFile; fileRef = BFF8D7F61A404E1600910414 /* AppDelegate.swift */; };
		BFF8D7F91A404E1700910414 /* ViewController.swift in Sources */ = {isa = PBXBuildFile; fileRef = BFF8D7F81A404E1700910414 /* ViewController.swift */; };
		BFF8D7FC1A404E1700910414 /* Main.storyboard in Resources */ = {isa = PBXBuildFile; fileRef = BFF8D7FA1A404E1700910414 /* Main.storyboard */; };
		BFF8D7FE1A404E1700910414 /* Images.xcassets in Resources */ = {isa = PBXBuildFile; fileRef = BFF8D7FD1A404E1700910414 /* Images.xcassets */; };
		BFF8D8011A404E1700910414 /* LaunchScreen.xib in Resources */ = {isa = PBXBuildFile; fileRef = BFF8D7FF1A404E1700910414 /* LaunchScreen.xib */; };
		BFF8D80D1A404E1700910414 /* Managing_The_KeyboardTests.swift in Sources */ = {isa = PBXBuildFile; fileRef = BFF8D80C1A404E1700910414 /* Managing_The_KeyboardTests.swift */; };
/* End PBXBuildFile section */

/* Begin PBXContainerItemProxy section */
		BFF8D8071A404E1700910414 /* PBXContainerItemProxy */ = {
			isa = PBXContainerItemProxy;
			containerPortal = BFF8D7E91A404E1600910414 /* Project object */;
			proxyType = 1;
			remoteGlobalIDString = BFF8D7F01A404E1600910414;
			remoteInfo = "Managing The Keyboard";
		};
/* End PBXContainerItemProxy section */

/* Begin PBXFileReference section */
		BFF8D7F11A404E1600910414 /* Managing The Keyboard.app */ = {isa = PBXFileReference; explicitFileType = wrapper.application; includeInIndex = 0; path = "Managing The Keyboard.app"; sourceTree = BUILT_PRODUCTS_DIR; };
		BFF8D7F51A404E1600910414 /* Info.plist */ = {isa = PBXFileReference; lastKnownFileType = text.plist.xml; path = Info.plist; sourceTree = "<group>"; };
		BFF8D7F61A404E1600910414 /* AppDelegate.swift */ = {isa = PBXFileReference; lastKnownFileType = sourcecode.swift; path = AppDelegate.swift; sourceTree = "<group>"; };
		BFF8D7F81A404E1700910414 /* ViewController.swift */ = {isa = PBXFileReference; lastKnownFileType = sourcecode.swift; path = ViewController.swift; sourceTree = "<group>"; };
		BFF8D7FB1A404E1700910414 /* Base */ = {isa = PBXFileReference; lastKnownFileType = file.storyboard; name = Base; path = Base.lproj/Main.storyboard; sourceTree = "<group>"; };
		BFF8D7FD1A404E1700910414 /* Images.xcassets */ = {isa = PBXFileReference; lastKnownFileType = folder.assetcatalog; path = Images.xcassets; sourceTree = "<group>"; };
		BFF8D8001A404E1700910414 /* Base */ = {isa = PBXFileReference; lastKnownFileType = file.xib; name = Base; path = Base.lproj/LaunchScreen.xib; sourceTree = "<group>"; };
		BFF8D8061A404E1700910414 /* Managing The KeyboardTests.xctest */ = {isa = PBXFileReference; explicitFileType = wrapper.cfbundle; includeInIndex = 0; path = "Managing The KeyboardTests.xctest"; sourceTree = BUILT_PRODUCTS_DIR; };
		BFF8D80B1A404E1700910414 /* Info.plist */ = {isa = PBXFileReference; lastKnownFileType = text.plist.xml; path = Info.plist; sourceTree = "<group>"; };
		BFF8D80C1A404E1700910414 /* Managing_The_KeyboardTests.swift */ = {isa = PBXFileReference; lastKnownFileType = sourcecode.swift; path = Managing_The_KeyboardTests.swift; sourceTree = "<group>"; };
/* End PBXFileReference section */

/* Begin PBXFrameworksBuildPhase section */
		BFF8D7EE1A404E1600910414 /* Frameworks */ = {
			isa = PBXFrameworksBuildPhase;
			buildActionMask = 2147483647;
			files = (
			);
			runOnlyForDeploymentPostprocessing = 0;
		};
		BFF8D8031A404E1700910414 /* Frameworks */ = {
			isa = PBXFrameworksBuildPhase;
			buildActionMask = 2147483647;
			files = (
			);
			runOnlyForDeploymentPostprocessing = 0;
		};
/* End PBXFrameworksBuildPhase section */

/* Begin PBXGroup section */
		BFF8D7E81A404E1600910414 = {
			isa = PBXGroup;
			children = (
				BFF8D7F31A404E1600910414 /* Managing The Keyboard */,
				BFF8D8091A404E1700910414 /* Managing The KeyboardTests */,
				BFF8D7F21A404E1600910414 /* Products */,
			);
			sourceTree = "<group>";
		};
		BFF8D7F21A404E1600910414 /* Products */ = {
			isa = PBXGroup;
			children = (
				BFF8D7F11A404E1600910414 /* Managing The Keyboard.app */,
				BFF8D8061A404E1700910414 /* Managing The KeyboardTests.xctest */,
			);
			name = Products;
			sourceTree = "<group>";
		};
		BFF8D7F31A404E1600910414 /* Managing The Keyboard */ = {
			isa = PBXGroup;
			children = (
				BFF8D7F61A404E1600910414 /* AppDelegate.swift */,
				BFF8D7F81A404E1700910414 /* ViewController.swift */,
				BFF8D7FA1A404E1700910414 /* Main.storyboard */,
				BFF8D7FD1A404E1700910414 /* Images.xcassets */,
				BFF8D7FF1A404E1700910414 /* LaunchScreen.xib */,
				BFF8D7F41A404E1600910414 /* Supporting Files */,
			);
			path = "Managing The Keyboard";
			sourceTree = "<group>";
		};
		BFF8D7F41A404E1600910414 /* Supporting Files */ = {
			isa = PBXGroup;
			children = (
				BFF8D7F51A404E1600910414 /* Info.plist */,
			);
			name = "Supporting Files";
			sourceTree = "<group>";
		};
		BFF8D8091A404E1700910414 /* Managing The KeyboardTests */ = {
			isa = PBXGroup;
			children = (
				BFF8D80C1A404E1700910414 /* Managing_The_KeyboardTests.swift */,
				BFF8D80A1A404E1700910414 /* Supporting Files */,
			);
			path = "Managing The KeyboardTests";
			sourceTree = "<group>";
		};
		BFF8D80A1A404E1700910414 /* Supporting Files */ = {
			isa = PBXGroup;
			children = (
				BFF8D80B1A404E1700910414 /* Info.plist */,
			);
			name = "Supporting Files";
			sourceTree = "<group>";
		};
/* End PBXGroup section */

/* Begin PBXNativeTarget section */
		BFF8D7F01A404E1600910414 /* Managing The Keyboard */ = {
			isa = PBXNativeTarget;
			buildConfigurationList = BFF8D8101A404E1700910414 /* Build configuration list for PBXNativeTarget "Managing The Keyboard" */;
			buildPhases = (
				BFF8D7ED1A404E1600910414 /* Sources */,
				BFF8D7EE1A404E1600910414 /* Frameworks */,
				BFF8D7EF1A404E1600910414 /* Resources */,
			);
			buildRules = (
			);
			dependencies = (
			);
			name = "Managing The Keyboard";
			productName = "Managing The Keyboard";
			productReference = BFF8D7F11A404E1600910414 /* Managing The Keyboard.app */;
			productType = "com.apple.product-type.application";
		};
		BFF8D8051A404E1700910414 /* Managing The KeyboardTests */ = {
			isa = PBXNativeTarget;
			buildConfigurationList = BFF8D8131A404E1700910414 /* Build configuration list for PBXNativeTarget "Managing The KeyboardTests" */;
			buildPhases = (
				BFF8D8021A404E1700910414 /* Sources */,
				BFF8D8031A404E1700910414 /* Frameworks */,
				BFF8D8041A404E1700910414 /* Resources */,
			);
			buildRules = (
			);
			dependencies = (
				BFF8D8081A404E1700910414 /* PBXTargetDependency */,
			);
			name = "Managing The KeyboardTests";
			productName = "Managing The KeyboardTests";
			productReference = BFF8D8061A404E1700910414 /* Managing The KeyboardTests.xctest */;
			productType = "com.apple.product-type.bundle.unit-test";
		};
/* End PBXNativeTarget section */

/* Begin PBXProject section */
		BFF8D7E91A404E1600910414 /* Project object */ = {
			isa = PBXProject;
			attributes = {
				LastUpgradeCheck = 0620;
				ORGANIZATIONNAME = dataclones;
				TargetAttributes = {
					BFF8D7F01A404E1600910414 = {
						CreatedOnToolsVersion = 6.2;
					};
					BFF8D8051A404E1700910414 = {
						CreatedOnToolsVersion = 6.2;
						TestTargetID = BFF8D7F01A404E1600910414;
					};
				};
			};
			buildConfigurationList = BFF8D7EC1A404E1600910414 /* Build configuration list for PBXProject "Managing The Keyboard" */;
			compatibilityVersion = "Xcode 3.2";
			developmentRegion = English;
			hasScannedForEncodings = 0;
			knownRegions = (
				en,
				Base,
			);
			mainGroup = BFF8D7E81A404E1600910414;
			productRefGroup = BFF8D7F21A404E1600910414 /* Products */;
			projectDirPath = "";
			projectRoot = "";
			targets = (
				BFF8D7F01A404E1600910414 /* Managing The Keyboard */,
				BFF8D8051A404E1700910414 /* Managing The KeyboardTests */,
			);
		};
/* End PBXProject section */

/* Begin PBXResourcesBuildPhase section */
		BFF8D7EF1A404E1600910414 /* Resources */ = {
			isa = PBXResourcesBuildPhase;
			buildActionMask = 2147483647;
			files = (
				BFF8D7FC1A404E1700910414 /* Main.storyboard in Resources */,
				BFF8D8011A404E1700910414 /* LaunchScreen.xib in Resources */,
				BFF8D7FE1A404E1700910414 /* Images.xcassets in Resources */,
			);
			runOnlyForDeploymentPostprocessing = 0;
		};
		BFF8D8041A404E1700910414 /* Resources */ = {
			isa = PBXResourcesBuildPhase;
			buildActionMask = 2147483647;
			files = (
			);
			runOnlyForDeploymentPostprocessing = 0;
		};
/* End PBXResourcesBuildPhase section */

/* Begin PBXSourcesBuildPhase section */
		BFF8D7ED1A404E1600910414 /* Sources */ = {
			isa = PBXSourcesBuildPhase;
			buildActionMask = 2147483647;
			files = (
				BFF8D7F91A404E1700910414 /* ViewController.swift in Sources */,
				BFF8D7F71A404E1600910414 /* AppDelegate.swift in Sources */,
			);
			runOnlyForDeploymentPostprocessing = 0;
		};
		BFF8D8021A404E1700910414 /* Sources */ = {
			isa = PBXSourcesBuildPhase;
			buildActionMask = 2147483647;
			files = (
				BFF8D80D1A404E1700910414 /* Managing_The_KeyboardTests.swift in Sources */,
			);
			runOnlyForDeploymentPostprocessing = 0;
		};
/* End PBXSourcesBuildPhase section */

/* Begin PBXTargetDependency section */
		BFF8D8081A404E1700910414 /* PBXTargetDependency */ = {
			isa = PBXTargetDependency;
			target = BFF8D7F01A404E1600910414 /* Managing The Keyboard */;
			targetProxy = BFF8D8071A404E1700910414 /* PBXContainerItemProxy */;
		};
/* End PBXTargetDependency section */

/* Begin PBXVariantGroup section */
		BFF8D7FA1A404E1700910414 /* Main.storyboard */ = {
			isa = PBXVariantGroup;
			children = (
				BFF8D7FB1A404E1700910414 /* Base */,
			);
			name = Main.storyboard;
			sourceTree = "<group>";
		};
		BFF8D7FF1A404E1700910414 /* LaunchScreen.xib */ = {
			isa = PBXVariantGroup;
			children = (
				BFF8D8001A404E1700910414 /* Base */,
			);
			name = LaunchScreen.xib;
			sourceTree = "<group>";
		};
/* End PBXVariantGroup section */

/* Begin XCBuildConfiguration section */
		BFF8D80E1A404E1700910414 /* Debug */ = {
			isa = XCBuildConfiguration;
			buildSettings = {
				ALWAYS_SEARCH_USER_PATHS = NO;
				CLANG_CXX_LANGUAGE_STANDARD = "gnu++0x";
				CLANG_CXX_LIBRARY = "libc++";
				CLANG_ENABLE_MODULES = YES;
				CLANG_ENABLE_OBJC_ARC = YES;
				CLANG_WARN_BOOL_CONVERSION = YES;
				CLANG_WARN_CONSTANT_CONVERSION = YES;
				CLANG_WARN_DIRECT_OBJC_ISA_USAGE = YES_ERROR;
				CLANG_WARN_EMPTY_BODY = YES;
				CLANG_WARN_ENUM_CONVERSION = YES;
				CLANG_WARN_INT_CONVERSION = YES;
				CLANG_WARN_OBJC_ROOT_CLASS = YES_ERROR;
				CLANG_WARN_UNREACHABLE_CODE = YES;
				CLANG_WARN__DUPLICATE_METHOD_MATCH = YES;
				"CODE_SIGN_IDENTITY[sdk=iphoneos*]" = "iPhone Developer";
				COPY_PHASE_STRIP = NO;
				ENABLE_STRICT_OBJC_MSGSEND = YES;
				GCC_C_LANGUAGE_STANDARD = gnu99;
				GCC_DYNAMIC_NO_PIC = NO;
				GCC_OPTIMIZATION_LEVEL = 0;
				GCC_PREPROCESSOR_DEFINITIONS = (
					"DEBUG=1",
					"$(inherited)",
				);
				GCC_SYMBOLS_PRIVATE_EXTERN = NO;
				GCC_WARN_64_TO_32_BIT_CONVERSION = YES;
				GCC_WARN_ABOUT_RETURN_TYPE = YES_ERROR;
				GCC_WARN_UNDECLARED_SELECTOR = YES;
				GCC_WARN_UNINITIALIZED_AUTOS = YES_AGGRESSIVE;
				GCC_WARN_UNUSED_FUNCTION = YES;
				GCC_WARN_UNUSED_VARIABLE = YES;
				IPHONEOS_DEPLOYMENT_TARGET = 8.2;
				MTL_ENABLE_DEBUG_INFO = YES;
				ONLY_ACTIVE_ARCH = YES;
				SDKROOT = iphoneos;
				SWIFT_OPTIMIZATION_LEVEL = "-Onone";
			};
			name = Debug;
		};
		BFF8D80F1A404E1700910414 /* Release */ = {
			isa = XCBuildConfiguration;
			buildSettings = {
				ALWAYS_SEARCH_USER_PATHS = NO;
				CLANG_CXX_LANGUAGE_STANDARD = "gnu++0x";
				CLANG_CXX_LIBRARY = "libc++";
				CLANG_ENABLE_MODULES = YES;
				CLANG_ENABLE_OBJC_ARC = YES;
				CLANG_WARN_BOOL_CONVERSION = YES;
				CLANG_WARN_CONSTANT_CONVERSION = YES;
				CLANG_WARN_DIRECT_OBJC_ISA_USAGE = YES_ERROR;
				CLANG_WARN_EMPTY_BODY = YES;
				CLANG_WARN_ENUM_CONVERSION = YES;
				CLANG_WARN_INT_CONVERSION = YES;
				CLANG_WARN_OBJC_ROOT_CLASS = YES_ERROR;
				CLANG_WARN_UNREACHABLE_CODE = YES;
				CLANG_WARN__DUPLICATE_METHOD_MATCH = YES;
				"CODE_SIGN_IDENTITY[sdk=iphoneos*]" = "iPhone Developer";
				COPY_PHASE_STRIP = YES;
				ENABLE_NS_ASSERTIONS = NO;
				ENABLE_STRICT_OBJC_MSGSEND = YES;
				GCC_C_LANGUAGE_STANDARD = gnu99;
				GCC_WARN_64_TO_32_BIT_CONVERSION = YES;
				GCC_WARN_ABOUT_RETURN_TYPE = YES_ERROR;
				GCC_WARN_UNDECLARED_SELECTOR = YES;
				GCC_WARN_UNINITIALIZED_AUTOS = YES_AGGRESSIVE;
				GCC_WARN_UNUSED_FUNCTION = YES;
				GCC_WARN_UNUSED_VARIABLE = YES;
				IPHONEOS_DEPLOYMENT_TARGET = 8.2;
				MTL_ENABLE_DEBUG_INFO = NO;
				SDKROOT = iphoneos;
				VALIDATE_PRODUCT = YES;
			};
			name = Release;
		};
		BFF8D8111A404E1700910414 /* Debug */ = {
			isa = XCBuildConfiguration;
			buildSettings = {
				ASSETCATALOG_COMPILER_APPICON_NAME = AppIcon;
				INFOPLIST_FILE = "Managing The Keyboard/Info.plist";
				LD_RUNPATH_SEARCH_PATHS = "$(inherited) @executable_path/Frameworks";
				PRODUCT_NAME = "$(TARGET_NAME)";
			};
			name = Debug;
		};
		BFF8D8121A404E1700910414 /* Release */ = {
			isa = XCBuildConfiguration;
			buildSettings = {
				ASSETCATALOG_COMPILER_APPICON_NAME = AppIcon;
				INFOPLIST_FILE = "Managing The Keyboard/Info.plist";
				LD_RUNPATH_SEARCH_PATHS = "$(inherited) @executable_path/Frameworks";
				PRODUCT_NAME = "$(TARGET_NAME)";
			};
			name = Release;
		};
		BFF8D8141A404E1700910414 /* Debug */ = {
			isa = XCBuildConfiguration;
			buildSettings = {
				BUNDLE_LOADER = "$(TEST_HOST)";
				FRAMEWORK_SEARCH_PATHS = (
					"$(SDKROOT)/Developer/Library/Frameworks",
					"$(inherited)",
				);
				GCC_PREPROCESSOR_DEFINITIONS = (
					"DEBUG=1",
					"$(inherited)",
				);
				INFOPLIST_FILE = "Managing The KeyboardTests/Info.plist";
				LD_RUNPATH_SEARCH_PATHS = "$(inherited) @executable_path/Frameworks @loader_path/Frameworks";
				PRODUCT_NAME = "$(TARGET_NAME)";
				TEST_HOST = "$(BUILT_PRODUCTS_DIR)/Managing The Keyboard.app/Managing The Keyboard";
			};
			name = Debug;
		};
		BFF8D8151A404E1700910414 /* Release */ = {
			isa = XCBuildConfiguration;
			buildSettings = {
				BUNDLE_LOADER = "$(TEST_HOST)";
				FRAMEWORK_SEARCH_PATHS = (
					"$(SDKROOT)/Developer/Library/Frameworks",
					"$(inherited)",
				);
				INFOPLIST_FILE = "Managing The KeyboardTests/Info.plist";
				LD_RUNPATH_SEARCH_PATHS = "$(inherited) @executable_path/Frameworks @loader_path/Frameworks";
				PRODUCT_NAME = "$(TARGET_NAME)";
				TEST_HOST = "$(BUILT_PRODUCTS_DIR)/Managing The Keyboard.app/Managing The Keyboard";
			};
			name = Release;
		};
/* End XCBuildConfiguration section */

/* Begin XCConfigurationList section */
		BFF8D7EC1A404E1600910414 /* Build configuration list for PBXProject "Managing The Keyboard" */ = {
			isa = XCConfigurationList;
			buildConfigurations = (
				BFF8D80E1A404E1700910414 /* Debug */,
				BFF8D80F1A404E1700910414 /* Release */,
			);
			defaultConfigurationIsVisible = 0;
			defaultConfigurationName = Release;
		};
		BFF8D8101A404E1700910414 /* Build configuration list for PBXNativeTarget "Managing The Keyboard" */ = {
			isa = XCConfigurationList;
			buildConfigurations = (
				BFF8D8111A404E1700910414 /* Debug */,
				BFF8D8121A404E1700910414 /* Release */,
			);
			defaultConfigurationIsVisible = 0;
		};
		BFF8D8131A404E1700910414 /* Build configuration list for PBXNativeTarget "Managing The KeyboardTests" */ = {
			isa = XCConfigurationList;
			buildConfigurations = (
				BFF8D8141A404E1700910414 /* Debug */,
				BFF8D8151A404E1700910414 /* Release */,
			);
			defaultConfigurationIsVisible = 0;
		};
/* End XCConfigurationList section */
	};
	rootObject = BFF8D7E91A404E1600910414 /* Project object */;
}
