// !$*UTF8*$!
{
	archiveVersion = 1;
	classes = {
	};
	objectVersion = 46;
	objects = {

/* Begin PBXBuildFile section */
		BFEF92C71A6923800033F01D /* AppDelegate.swift in Sources */ = {isa = PBXBuildFile; fileRef = BFEF92C61A6923800033F01D /* AppDelegate.swift */; };
		BFEF92C91A6923800033F01D /* ViewController.swift in Sources */ = {isa = PBXBuildFile; fileRef = BFEF92C81A6923800033F01D /* ViewController.swift */; };
		BFEF92CC1A6923800033F01D /* Main.storyboard in Resources */ = {isa = PBXBuildFile; fileRef = BFEF92CA1A6923800033F01D /* Main.storyboard */; };
		BFEF92CE1A6923800033F01D /* Images.xcassets in Resources */ = {isa = PBXBuildFile; fileRef = BFEF92CD1A6923800033F01D /* Images.xcassets */; };
		BFEF92D11A6923800033F01D /* LaunchScreen.xib in Resources */ = {isa = PBXBuildFile; fileRef = BFEF92CF1A6923800033F01D /* LaunchScreen.xib */; };
		BFEF92DD1A6923800033F01D /* Web_Views_90Tests.swift in Sources */ = {isa = PBXBuildFile; fileRef = BFEF92DC1A6923800033F01D /* Web_Views_90Tests.swift */; };
/* End PBXBuildFile section */

/* Begin PBXContainerItemProxy section */
		BFEF92D71A6923800033F01D /* PBXContainerItemProxy */ = {
			isa = PBXContainerItemProxy;
			containerPortal = BFEF92B91A6923800033F01D /* Project object */;
			proxyType = 1;
			remoteGlobalIDString = BFEF92C01A6923800033F01D;
			remoteInfo = "Web Views 90";
		};
/* End PBXContainerItemProxy section */

/* Begin PBXFileReference section */
		BFEF92C11A6923800033F01D /* Web Views 90.app */ = {isa = PBXFileReference; explicitFileType = wrapper.application; includeInIndex = 0; path = "Web Views 90.app"; sourceTree = BUILT_PRODUCTS_DIR; };
		BFEF92C51A6923800033F01D /* Info.plist */ = {isa = PBXFileReference; lastKnownFileType = text.plist.xml; path = Info.plist; sourceTree = "<group>"; };
		BFEF92C61A6923800033F01D /* AppDelegate.swift */ = {isa = PBXFileReference; lastKnownFileType = sourcecode.swift; path = AppDelegate.swift; sourceTree = "<group>"; };
		BFEF92C81A6923800033F01D /* ViewController.swift */ = {isa = PBXFileReference; lastKnownFileType = sourcecode.swift; path = ViewController.swift; sourceTree = "<group>"; };
		BFEF92CB1A6923800033F01D /* Base */ = {isa = PBXFileReference; lastKnownFileType = file.storyboard; name = Base; path = Base.lproj/Main.storyboard; sourceTree = "<group>"; };
		BFEF92CD1A6923800033F01D /* Images.xcassets */ = {isa = PBXFileReference; lastKnownFileType = folder.assetcatalog; path = Images.xcassets; sourceTree = "<group>"; };
		BFEF92D01A6923800033F01D /* Base */ = {isa = PBXFileReference; lastKnownFileType = file.xib; name = Base; path = Base.lproj/LaunchScreen.xib; sourceTree = "<group>"; };
		BFEF92D61A6923800033F01D /* Web Views 90Tests.xctest */ = {isa = PBXFileReference; explicitFileType = wrapper.cfbundle; includeInIndex = 0; path = "Web Views 90Tests.xctest"; sourceTree = BUILT_PRODUCTS_DIR; };
		BFEF92DB1A6923800033F01D /* Info.plist */ = {isa = PBXFileReference; lastKnownFileType = text.plist.xml; path = Info.plist; sourceTree = "<group>"; };
		BFEF92DC1A6923800033F01D /* Web_Views_90Tests.swift */ = {isa = PBXFileReference; lastKnownFileType = sourcecode.swift; path = Web_Views_90Tests.swift; sourceTree = "<group>"; };
/* End PBXFileReference section */

/* Begin PBXFrameworksBuildPhase section */
		BFEF92BE1A6923800033F01D /* Frameworks */ = {
			isa = PBXFrameworksBuildPhase;
			buildActionMask = 2147483647;
			files = (
			);
			runOnlyForDeploymentPostprocessing = 0;
		};
		BFEF92D31A6923800033F01D /* Frameworks */ = {
			isa = PBXFrameworksBuildPhase;
			buildActionMask = 2147483647;
			files = (
			);
			runOnlyForDeploymentPostprocessing = 0;
		};
/* End PBXFrameworksBuildPhase section */

/* Begin PBXGroup section */
		BFEF92B81A6923800033F01D = {
			isa = PBXGroup;
			children = (
				BFEF92C31A6923800033F01D /* Web Views 90 */,
				BFEF92D91A6923800033F01D /* Web Views 90Tests */,
				BFEF92C21A6923800033F01D /* Products */,
			);
			sourceTree = "<group>";
		};
		BFEF92C21A6923800033F01D /* Products */ = {
			isa = PBXGroup;
			children = (
				BFEF92C11A6923800033F01D /* Web Views 90.app */,
				BFEF92D61A6923800033F01D /* Web Views 90Tests.xctest */,
			);
			name = Products;
			sourceTree = "<group>";
		};
		BFEF92C31A6923800033F01D /* Web Views 90 */ = {
			isa = PBXGroup;
			children = (
				BFEF92C61A6923800033F01D /* AppDelegate.swift */,
				BFEF92C81A6923800033F01D /* ViewController.swift */,
				BFEF92CA1A6923800033F01D /* Main.storyboard */,
				BFEF92CD1A6923800033F01D /* Images.xcassets */,
				BFEF92CF1A6923800033F01D /* LaunchScreen.xib */,
				BFEF92C41A6923800033F01D /* Supporting Files */,
			);
			path = "Web Views 90";
			sourceTree = "<group>";
		};
		BFEF92C41A6923800033F01D /* Supporting Files */ = {
			isa = PBXGroup;
			children = (
				BFEF92C51A6923800033F01D /* Info.plist */,
			);
			name = "Supporting Files";
			sourceTree = "<group>";
		};
		BFEF92D91A6923800033F01D /* Web Views 90Tests */ = {
			isa = PBXGroup;
			children = (
				BFEF92DC1A6923800033F01D /* Web_Views_90Tests.swift */,
				BFEF92DA1A6923800033F01D /* Supporting Files */,
			);
			path = "Web Views 90Tests";
			sourceTree = "<group>";
		};
		BFEF92DA1A6923800033F01D /* Supporting Files */ = {
			isa = PBXGroup;
			children = (
				BFEF92DB1A6923800033F01D /* Info.plist */,
			);
			name = "Supporting Files";
			sourceTree = "<group>";
		};
/* End PBXGroup section */

/* Begin PBXNativeTarget section */
		BFEF92C01A6923800033F01D /* Web Views 90 */ = {
			isa = PBXNativeTarget;
			buildConfigurationList = BFEF92E01A6923800033F01D /* Build configuration list for PBXNativeTarget "Web Views 90" */;
			buildPhases = (
				BFEF92BD1A6923800033F01D /* Sources */,
				BFEF92BE1A6923800033F01D /* Frameworks */,
				BFEF92BF1A6923800033F01D /* Resources */,
			);
			buildRules = (
			);
			dependencies = (
			);
			name = "Web Views 90";
			productName = "Web Views 90";
			productReference = BFEF92C11A6923800033F01D /* Web Views 90.app */;
			productType = "com.apple.product-type.application";
		};
		BFEF92D51A6923800033F01D /* Web Views 90Tests */ = {
			isa = PBXNativeTarget;
			buildConfigurationList = BFEF92E31A6923800033F01D /* Build configuration list for PBXNativeTarget "Web Views 90Tests" */;
			buildPhases = (
				BFEF92D21A6923800033F01D /* Sources */,
				BFEF92D31A6923800033F01D /* Frameworks */,
				BFEF92D41A6923800033F01D /* Resources */,
			);
			buildRules = (
			);
			dependencies = (
				BFEF92D81A6923800033F01D /* PBXTargetDependency */,
			);
			name = "Web Views 90Tests";
			productName = "Web Views 90Tests";
			productReference = BFEF92D61A6923800033F01D /* Web Views 90Tests.xctest */;
			productType = "com.apple.product-type.bundle.unit-test";
		};
/* End PBXNativeTarget section */

/* Begin PBXProject section */
		BFEF92B91A6923800033F01D /* Project object */ = {
			isa = PBXProject;
			attributes = {
				LastUpgradeCheck = 0620;
				ORGANIZATIONNAME = dataclones;
				TargetAttributes = {
					BFEF92C01A6923800033F01D = {
						CreatedOnToolsVersion = 6.2;
					};
					BFEF92D51A6923800033F01D = {
						CreatedOnToolsVersion = 6.2;
						TestTargetID = BFEF92C01A6923800033F01D;
					};
				};
			};
			buildConfigurationList = BFEF92BC1A6923800033F01D /* Build configuration list for PBXProject "Web Views 90" */;
			compatibilityVersion = "Xcode 3.2";
			developmentRegion = English;
			hasScannedForEncodings = 0;
			knownRegions = (
				en,
				Base,
			);
			mainGroup = BFEF92B81A6923800033F01D;
			productRefGroup = BFEF92C21A6923800033F01D /* Products */;
			projectDirPath = "";
			projectRoot = "";
			targets = (
				BFEF92C01A6923800033F01D /* Web Views 90 */,
				BFEF92D51A6923800033F01D /* Web Views 90Tests */,
			);
		};
/* End PBXProject section */

/* Begin PBXResourcesBuildPhase section */
		BFEF92BF1A6923800033F01D /* Resources */ = {
			isa = PBXResourcesBuildPhase;
			buildActionMask = 2147483647;
			files = (
				BFEF92CC1A6923800033F01D /* Main.storyboard in Resources */,
				BFEF92D11A6923800033F01D /* LaunchScreen.xib in Resources */,
				BFEF92CE1A6923800033F01D /* Images.xcassets in Resources */,
			);
			runOnlyForDeploymentPostprocessing = 0;
		};
		BFEF92D41A6923800033F01D /* Resources */ = {
			isa = PBXResourcesBuildPhase;
			buildActionMask = 2147483647;
			files = (
			);
			runOnlyForDeploymentPostprocessing = 0;
		};
/* End PBXResourcesBuildPhase section */

/* Begin PBXSourcesBuildPhase section */
		BFEF92BD1A6923800033F01D /* Sources */ = {
			isa = PBXSourcesBuildPhase;
			buildActionMask = 2147483647;
			files = (
				BFEF92C91A6923800033F01D /* ViewController.swift in Sources */,
				BFEF92C71A6923800033F01D /* AppDelegate.swift in Sources */,
			);
			runOnlyForDeploymentPostprocessing = 0;
		};
		BFEF92D21A6923800033F01D /* Sources */ = {
			isa = PBXSourcesBuildPhase;
			buildActionMask = 2147483647;
			files = (
				BFEF92DD1A6923800033F01D /* Web_Views_90Tests.swift in Sources */,
			);
			runOnlyForDeploymentPostprocessing = 0;
		};
/* End PBXSourcesBuildPhase section */

/* Begin PBXTargetDependency section */
		BFEF92D81A6923800033F01D /* PBXTargetDependency */ = {
			isa = PBXTargetDependency;
			target = BFEF92C01A6923800033F01D /* Web Views 90 */;
			targetProxy = BFEF92D71A6923800033F01D /* PBXContainerItemProxy */;
		};
/* End PBXTargetDependency section */

/* Begin PBXVariantGroup section */
		BFEF92CA1A6923800033F01D /* Main.storyboard */ = {
			isa = PBXVariantGroup;
			children = (
				BFEF92CB1A6923800033F01D /* Base */,
			);
			name = Main.storyboard;
			sourceTree = "<group>";
		};
		BFEF92CF1A6923800033F01D /* LaunchScreen.xib */ = {
			isa = PBXVariantGroup;
			children = (
				BFEF92D01A6923800033F01D /* Base */,
			);
			name = LaunchScreen.xib;
			sourceTree = "<group>";
		};
/* End PBXVariantGroup section */

/* Begin XCBuildConfiguration section */
		BFEF92DE1A6923800033F01D /* Debug */ = {
			isa = XCBuildConfiguration;
			buildSettings = {
				ALWAYS_SEARCH_USER_PATHS = NO;
				CLANG_CXX_LANGUAGE_STANDARD = "gnu++0x";
				CLANG_CXX_LIBRARY = "libc++";
				CLANG_ENABLE_MODULES = YES;
				CLANG_ENABLE_OBJC_ARC = YES;
				CLANG_WARN_BOOL_CONVERSION = YES;
				CLANG_WARN_CONSTANT_CONVERSION = YES;
				CLANG_WARN_DIRECT_OBJC_ISA_USAGE = YES_ERROR;
				CLANG_WARN_EMPTY_BODY = YES;
				CLANG_WARN_ENUM_CONVERSION = YES;
				CLANG_WARN_INT_CONVERSION = YES;
				CLANG_WARN_OBJC_ROOT_CLASS = YES_ERROR;
				CLANG_WARN_UNREACHABLE_CODE = YES;
				CLANG_WARN__DUPLICATE_METHOD_MATCH = YES;
				"CODE_SIGN_IDENTITY[sdk=iphoneos*]" = "iPhone Developer";
				COPY_PHASE_STRIP = NO;
				ENABLE_STRICT_OBJC_MSGSEND = YES;
				GCC_C_LANGUAGE_STANDARD = gnu99;
				GCC_DYNAMIC_NO_PIC = NO;
				GCC_OPTIMIZATION_LEVEL = 0;
				GCC_PREPROCESSOR_DEFINITIONS = (
					"DEBUG=1",
					"$(inherited)",
				);
				GCC_SYMBOLS_PRIVATE_EXTERN = NO;
				GCC_WARN_64_TO_32_BIT_CONVERSION = YES;
				GCC_WARN_ABOUT_RETURN_TYPE = YES_ERROR;
				GCC_WARN_UNDECLARED_SELECTOR = YES;
				GCC_WARN_UNINITIALIZED_AUTOS = YES_AGGRESSIVE;
				GCC_WARN_UNUSED_FUNCTION = YES;
				GCC_WARN_UNUSED_VARIABLE = YES;
				IPHONEOS_DEPLOYMENT_TARGET = 8.2;
				MTL_ENABLE_DEBUG_INFO = YES;
				ONLY_ACTIVE_ARCH = YES;
				SDKROOT = iphoneos;
				SWIFT_OPTIMIZATION_LEVEL = "-Onone";
			};
			name = Debug;
		};
		BFEF92DF1A6923800033F01D /* Release */ = {
			isa = XCBuildConfiguration;
			buildSettings = {
				ALWAYS_SEARCH_USER_PATHS = NO;
				CLANG_CXX_LANGUAGE_STANDARD = "gnu++0x";
				CLANG_CXX_LIBRARY = "libc++";
				CLANG_ENABLE_MODULES = YES;
				CLANG_ENABLE_OBJC_ARC = YES;
				CLANG_WARN_BOOL_CONVERSION = YES;
				CLANG_WARN_CONSTANT_CONVERSION = YES;
				CLANG_WARN_DIRECT_OBJC_ISA_USAGE = YES_ERROR;
				CLANG_WARN_EMPTY_BODY = YES;
				CLANG_WARN_ENUM_CONVERSION = YES;
				CLANG_WARN_INT_CONVERSION = YES;
				CLANG_WARN_OBJC_ROOT_CLASS = YES_ERROR;
				CLANG_WARN_UNREACHABLE_CODE = YES;
				CLANG_WARN__DUPLICATE_METHOD_MATCH = YES;
				"CODE_SIGN_IDENTITY[sdk=iphoneos*]" = "iPhone Developer";
				COPY_PHASE_STRIP = NO;
				ENABLE_NS_ASSERTIONS = NO;
				ENABLE_STRICT_OBJC_MSGSEND = YES;
				GCC_C_LANGUAGE_STANDARD = gnu99;
				GCC_WARN_64_TO_32_BIT_CONVERSION = YES;
				GCC_WARN_ABOUT_RETURN_TYPE = YES_ERROR;
				GCC_WARN_UNDECLARED_SELECTOR = YES;
				GCC_WARN_UNINITIALIZED_AUTOS = YES_AGGRESSIVE;
				GCC_WARN_UNUSED_FUNCTION = YES;
				GCC_WARN_UNUSED_VARIABLE = YES;
				IPHONEOS_DEPLOYMENT_TARGET = 8.2;
				MTL_ENABLE_DEBUG_INFO = NO;
				SDKROOT = iphoneos;
				VALIDATE_PRODUCT = YES;
			};
			name = Release;
		};
		BFEF92E11A6923800033F01D /* Debug */ = {
			isa = XCBuildConfiguration;
			buildSettings = {
				ASSETCATALOG_COMPILER_APPICON_NAME = AppIcon;
				INFOPLIST_FILE = "Web Views 90/Info.plist";
				LD_RUNPATH_SEARCH_PATHS = "$(inherited) @executable_path/Frameworks";
				PRODUCT_NAME = "$(TARGET_NAME)";
			};
			name = Debug;
		};
		BFEF92E21A6923800033F01D /* Release */ = {
			isa = XCBuildConfiguration;
			buildSettings = {
				ASSETCATALOG_COMPILER_APPICON_NAME = AppIcon;
				INFOPLIST_FILE = "Web Views 90/Info.plist";
				LD_RUNPATH_SEARCH_PATHS = "$(inherited) @executable_path/Frameworks";
				PRODUCT_NAME = "$(TARGET_NAME)";
			};
			name = Release;
		};
		BFEF92E41A6923800033F01D /* Debug */ = {
			isa = XCBuildConfiguration;
			buildSettings = {
				BUNDLE_LOADER = "$(TEST_HOST)";
				FRAMEWORK_SEARCH_PATHS = (
					"$(SDKROOT)/Developer/Library/Frameworks",
					"$(inherited)",
				);
				GCC_PREPROCESSOR_DEFINITIONS = (
					"DEBUG=1",
					"$(inherited)",
				);
				INFOPLIST_FILE = "Web Views 90Tests/Info.plist";
				LD_RUNPATH_SEARCH_PATHS = "$(inherited) @executable_path/Frameworks @loader_path/Frameworks";
				PRODUCT_NAME = "$(TARGET_NAME)";
				TEST_HOST = "$(BUILT_PRODUCTS_DIR)/Web Views 90.app/Web Views 90";
			};
			name = Debug;
		};
		BFEF92E51A6923800033F01D /* Release */ = {
			isa = XCBuildConfiguration;
			buildSettings = {
				BUNDLE_LOADER = "$(TEST_HOST)";
				FRAMEWORK_SEARCH_PATHS = (
					"$(SDKROOT)/Developer/Library/Frameworks",
					"$(inherited)",
				);
				INFOPLIST_FILE = "Web Views 90Tests/Info.plist";
				LD_RUNPATH_SEARCH_PATHS = "$(inherited) @executable_path/Frameworks @loader_path/Frameworks";
				PRODUCT_NAME = "$(TARGET_NAME)";
				TEST_HOST = "$(BUILT_PRODUCTS_DIR)/Web Views 90.app/Web Views 90";
			};
			name = Release;
		};
/* End XCBuildConfiguration section */

/* Begin XCConfigurationList section */
		BFEF92BC1A6923800033F01D /* Build configuration list for PBXProject "Web Views 90" */ = {
			isa = XCConfigurationList;
			buildConfigurations = (
				BFEF92DE1A6923800033F01D /* Debug */,
				BFEF92DF1A6923800033F01D /* Release */,
			);
			defaultConfigurationIsVisible = 0;
			defaultConfigurationName = Release;
		};
		BFEF92E01A6923800033F01D /* Build configuration list for PBXNativeTarget "Web Views 90" */ = {
			isa = XCConfigurationList;
			buildConfigurations = (
				BFEF92E11A6923800033F01D /* Debug */,
				BFEF92E21A6923800033F01D /* Release */,
			);
			defaultConfigurationIsVisible = 0;
		};
		BFEF92E31A6923800033F01D /* Build configuration list for PBXNativeTarget "Web Views 90Tests" */ = {
			isa = XCConfigurationList;
			buildConfigurations = (
				BFEF92E41A6923800033F01D /* Debug */,
				BFEF92E51A6923800033F01D /* Release */,
			);
			defaultConfigurationIsVisible = 0;
		};
/* End XCConfigurationList section */
	};
	rootObject = BFEF92B91A6923800033F01D /* Project object */;
}
