// !$*UTF8*$!
{
	archiveVersion = 1;
	classes = {
	};
	objectVersion = 46;
	objects = {

/* Begin PBXBuildFile section */
		BFBCFF051A580C03001E65E3 /* AppDelegate.swift in Sources */ = {isa = PBXBuildFile; fileRef = BFBCFF041A580C03001E65E3 /* AppDelegate.swift */; };
		BFBCFF071A580C03001E65E3 /* ViewController.swift in Sources */ = {isa = PBXBuildFile; fileRef = BFBCFF061A580C03001E65E3 /* ViewController.swift */; };
		BFBCFF0A1A580C03001E65E3 /* Main.storyboard in Resources */ = {isa = PBXBuildFile; fileRef = BFBCFF081A580C03001E65E3 /* Main.storyboard */; };
		BFBCFF0C1A580C03001E65E3 /* Images.xcassets in Resources */ = {isa = PBXBuildFile; fileRef = BFBCFF0B1A580C03001E65E3 /* Images.xcassets */; };
		BFBCFF0F1A580C03001E65E3 /* LaunchScreen.xib in Resources */ = {isa = PBXBuildFile; fileRef = BFBCFF0D1A580C03001E65E3 /* LaunchScreen.xib */; };
		BFBCFF1B1A580C04001E65E3 /* Learning_MapsTests.swift in Sources */ = {isa = PBXBuildFile; fileRef = BFBCFF1A1A580C04001E65E3 /* Learning_MapsTests.swift */; };
		BFBCFF251A580C4D001E65E3 /* MapKit.framework in Frameworks */ = {isa = PBXBuildFile; fileRef = BFBCFF241A580C4D001E65E3 /* MapKit.framework */; };
		BFBCFF271A595330001E65E3 /* CoreLocation.framework in Frameworks */ = {isa = PBXBuildFile; fileRef = BFBCFF261A595330001E65E3 /* CoreLocation.framework */; };
/* End PBXBuildFile section */

/* Begin PBXContainerItemProxy section */
		BFBCFF151A580C04001E65E3 /* PBXContainerItemProxy */ = {
			isa = PBXContainerItemProxy;
			containerPortal = BFBCFEF71A580C03001E65E3 /* Project object */;
			proxyType = 1;
			remoteGlobalIDString = BFBCFEFE1A580C03001E65E3;
			remoteInfo = "Learning Maps";
		};
/* End PBXContainerItemProxy section */

/* Begin PBXFileReference section */
		BFBCFEFF1A580C03001E65E3 /* Learning Maps.app */ = {isa = PBXFileReference; explicitFileType = wrapper.application; includeInIndex = 0; path = "Learning Maps.app"; sourceTree = BUILT_PRODUCTS_DIR; };
		BFBCFF031A580C03001E65E3 /* Info.plist */ = {isa = PBXFileReference; lastKnownFileType = text.plist.xml; path = Info.plist; sourceTree = "<group>"; };
		BFBCFF041A580C03001E65E3 /* AppDelegate.swift */ = {isa = PBXFileReference; lastKnownFileType = sourcecode.swift; path = AppDelegate.swift; sourceTree = "<group>"; };
		BFBCFF061A580C03001E65E3 /* ViewController.swift */ = {isa = PBXFileReference; lastKnownFileType = sourcecode.swift; path = ViewController.swift; sourceTree = "<group>"; };
		BFBCFF091A580C03001E65E3 /* Base */ = {isa = PBXFileReference; lastKnownFileType = file.storyboard; name = Base; path = Base.lproj/Main.storyboard; sourceTree = "<group>"; };
		BFBCFF0B1A580C03001E65E3 /* Images.xcassets */ = {isa = PBXFileReference; lastKnownFileType = folder.assetcatalog; path = Images.xcassets; sourceTree = "<group>"; };
		BFBCFF0E1A580C03001E65E3 /* Base */ = {isa = PBXFileReference; lastKnownFileType = file.xib; name = Base; path = Base.lproj/LaunchScreen.xib; sourceTree = "<group>"; };
		BFBCFF141A580C04001E65E3 /* Learning MapsTests.xctest */ = {isa = PBXFileReference; explicitFileType = wrapper.cfbundle; includeInIndex = 0; path = "Learning MapsTests.xctest"; sourceTree = BUILT_PRODUCTS_DIR; };
		BFBCFF191A580C04001E65E3 /* Info.plist */ = {isa = PBXFileReference; lastKnownFileType = text.plist.xml; path = Info.plist; sourceTree = "<group>"; };
		BFBCFF1A1A580C04001E65E3 /* Learning_MapsTests.swift */ = {isa = PBXFileReference; lastKnownFileType = sourcecode.swift; path = Learning_MapsTests.swift; sourceTree = "<group>"; };
		BFBCFF241A580C4D001E65E3 /* MapKit.framework */ = {isa = PBXFileReference; lastKnownFileType = wrapper.framework; name = MapKit.framework; path = System/Library/Frameworks/MapKit.framework; sourceTree = SDKROOT; };
		BFBCFF261A595330001E65E3 /* CoreLocation.framework */ = {isa = PBXFileReference; lastKnownFileType = wrapper.framework; name = CoreLocation.framework; path = System/Library/Frameworks/CoreLocation.framework; sourceTree = SDKROOT; };
/* End PBXFileReference section */

/* Begin PBXFrameworksBuildPhase section */
		BFBCFEFC1A580C03001E65E3 /* Frameworks */ = {
			isa = PBXFrameworksBuildPhase;
			buildActionMask = 2147483647;
			files = (
				BFBCFF271A595330001E65E3 /* CoreLocation.framework in Frameworks */,
				BFBCFF251A580C4D001E65E3 /* MapKit.framework in Frameworks */,
			);
			runOnlyForDeploymentPostprocessing = 0;
		};
		BFBCFF111A580C04001E65E3 /* Frameworks */ = {
			isa = PBXFrameworksBuildPhase;
			buildActionMask = 2147483647;
			files = (
			);
			runOnlyForDeploymentPostprocessing = 0;
		};
/* End PBXFrameworksBuildPhase section */

/* Begin PBXGroup section */
		BFBCFEF61A580C03001E65E3 = {
			isa = PBXGroup;
			children = (
				BFBCFF261A595330001E65E3 /* CoreLocation.framework */,
				BFBCFF241A580C4D001E65E3 /* MapKit.framework */,
				BFBCFF011A580C03001E65E3 /* Learning Maps */,
				BFBCFF171A580C04001E65E3 /* Learning MapsTests */,
				BFBCFF001A580C03001E65E3 /* Products */,
			);
			sourceTree = "<group>";
		};
		BFBCFF001A580C03001E65E3 /* Products */ = {
			isa = PBXGroup;
			children = (
				BFBCFEFF1A580C03001E65E3 /* Learning Maps.app */,
				BFBCFF141A580C04001E65E3 /* Learning MapsTests.xctest */,
			);
			name = Products;
			sourceTree = "<group>";
		};
		BFBCFF011A580C03001E65E3 /* Learning Maps */ = {
			isa = PBXGroup;
			children = (
				BFBCFF041A580C03001E65E3 /* AppDelegate.swift */,
				BFBCFF061A580C03001E65E3 /* ViewController.swift */,
				BFBCFF081A580C03001E65E3 /* Main.storyboard */,
				BFBCFF0B1A580C03001E65E3 /* Images.xcassets */,
				BFBCFF0D1A580C03001E65E3 /* LaunchScreen.xib */,
				BFBCFF021A580C03001E65E3 /* Supporting Files */,
			);
			path = "Learning Maps";
			sourceTree = "<group>";
		};
		BFBCFF021A580C03001E65E3 /* Supporting Files */ = {
			isa = PBXGroup;
			children = (
				BFBCFF031A580C03001E65E3 /* Info.plist */,
			);
			name = "Supporting Files";
			sourceTree = "<group>";
		};
		BFBCFF171A580C04001E65E3 /* Learning MapsTests */ = {
			isa = PBXGroup;
			children = (
				BFBCFF1A1A580C04001E65E3 /* Learning_MapsTests.swift */,
				BFBCFF181A580C04001E65E3 /* Supporting Files */,
			);
			path = "Learning MapsTests";
			sourceTree = "<group>";
		};
		BFBCFF181A580C04001E65E3 /* Supporting Files */ = {
			isa = PBXGroup;
			children = (
				BFBCFF191A580C04001E65E3 /* Info.plist */,
			);
			name = "Supporting Files";
			sourceTree = "<group>";
		};
/* End PBXGroup section */

/* Begin PBXNativeTarget section */
		BFBCFEFE1A580C03001E65E3 /* Learning Maps */ = {
			isa = PBXNativeTarget;
			buildConfigurationList = BFBCFF1E1A580C04001E65E3 /* Build configuration list for PBXNativeTarget "Learning Maps" */;
			buildPhases = (
				BFBCFEFB1A580C03001E65E3 /* Sources */,
				BFBCFEFC1A580C03001E65E3 /* Frameworks */,
				BFBCFEFD1A580C03001E65E3 /* Resources */,
			);
			buildRules = (
			);
			dependencies = (
			);
			name = "Learning Maps";
			productName = "Learning Maps";
			productReference = BFBCFEFF1A580C03001E65E3 /* Learning Maps.app */;
			productType = "com.apple.product-type.application";
		};
		BFBCFF131A580C04001E65E3 /* Learning MapsTests */ = {
			isa = PBXNativeTarget;
			buildConfigurationList = BFBCFF211A580C04001E65E3 /* Build configuration list for PBXNativeTarget "Learning MapsTests" */;
			buildPhases = (
				BFBCFF101A580C04001E65E3 /* Sources */,
				BFBCFF111A580C04001E65E3 /* Frameworks */,
				BFBCFF121A580C04001E65E3 /* Resources */,
			);
			buildRules = (
			);
			dependencies = (
				BFBCFF161A580C04001E65E3 /* PBXTargetDependency */,
			);
			name = "Learning MapsTests";
			productName = "Learning MapsTests";
			productReference = BFBCFF141A580C04001E65E3 /* Learning MapsTests.xctest */;
			productType = "com.apple.product-type.bundle.unit-test";
		};
/* End PBXNativeTarget section */

/* Begin PBXProject section */
		BFBCFEF71A580C03001E65E3 /* Project object */ = {
			isa = PBXProject;
			attributes = {
				LastUpgradeCheck = 0620;
				ORGANIZATIONNAME = dataclones;
				TargetAttributes = {
					BFBCFEFE1A580C03001E65E3 = {
						CreatedOnToolsVersion = 6.2;
					};
					BFBCFF131A580C04001E65E3 = {
						CreatedOnToolsVersion = 6.2;
						TestTargetID = BFBCFEFE1A580C03001E65E3;
					};
				};
			};
			buildConfigurationList = BFBCFEFA1A580C03001E65E3 /* Build configuration list for PBXProject "Learning Maps" */;
			compatibilityVersion = "Xcode 3.2";
			developmentRegion = English;
			hasScannedForEncodings = 0;
			knownRegions = (
				en,
				Base,
			);
			mainGroup = BFBCFEF61A580C03001E65E3;
			productRefGroup = BFBCFF001A580C03001E65E3 /* Products */;
			projectDirPath = "";
			projectRoot = "";
			targets = (
				BFBCFEFE1A580C03001E65E3 /* Learning Maps */,
				BFBCFF131A580C04001E65E3 /* Learning MapsTests */,
			);
		};
/* End PBXProject section */

/* Begin PBXResourcesBuildPhase section */
		BFBCFEFD1A580C03001E65E3 /* Resources */ = {
			isa = PBXResourcesBuildPhase;
			buildActionMask = 2147483647;
			files = (
				BFBCFF0A1A580C03001E65E3 /* Main.storyboard in Resources */,
				BFBCFF0F1A580C03001E65E3 /* LaunchScreen.xib in Resources */,
				BFBCFF0C1A580C03001E65E3 /* Images.xcassets in Resources */,
			);
			runOnlyForDeploymentPostprocessing = 0;
		};
		BFBCFF121A580C04001E65E3 /* Resources */ = {
			isa = PBXResourcesBuildPhase;
			buildActionMask = 2147483647;
			files = (
			);
			runOnlyForDeploymentPostprocessing = 0;
		};
/* End PBXResourcesBuildPhase section */

/* Begin PBXSourcesBuildPhase section */
		BFBCFEFB1A580C03001E65E3 /* Sources */ = {
			isa = PBXSourcesBuildPhase;
			buildActionMask = 2147483647;
			files = (
				BFBCFF071A580C03001E65E3 /* ViewController.swift in Sources */,
				BFBCFF051A580C03001E65E3 /* AppDelegate.swift in Sources */,
			);
			runOnlyForDeploymentPostprocessing = 0;
		};
		BFBCFF101A580C04001E65E3 /* Sources */ = {
			isa = PBXSourcesBuildPhase;
			buildActionMask = 2147483647;
			files = (
				BFBCFF1B1A580C04001E65E3 /* Learning_MapsTests.swift in Sources */,
			);
			runOnlyForDeploymentPostprocessing = 0;
		};
/* End PBXSourcesBuildPhase section */

/* Begin PBXTargetDependency section */
		BFBCFF161A580C04001E65E3 /* PBXTargetDependency */ = {
			isa = PBXTargetDependency;
			target = BFBCFEFE1A580C03001E65E3 /* Learning Maps */;
			targetProxy = BFBCFF151A580C04001E65E3 /* PBXContainerItemProxy */;
		};
/* End PBXTargetDependency section */

/* Begin PBXVariantGroup section */
		BFBCFF081A580C03001E65E3 /* Main.storyboard */ = {
			isa = PBXVariantGroup;
			children = (
				BFBCFF091A580C03001E65E3 /* Base */,
			);
			name = Main.storyboard;
			sourceTree = "<group>";
		};
		BFBCFF0D1A580C03001E65E3 /* LaunchScreen.xib */ = {
			isa = PBXVariantGroup;
			children = (
				BFBCFF0E1A580C03001E65E3 /* Base */,
			);
			name = LaunchScreen.xib;
			sourceTree = "<group>";
		};
/* End PBXVariantGroup section */

/* Begin XCBuildConfiguration section */
		BFBCFF1C1A580C04001E65E3 /* Debug */ = {
			isa = XCBuildConfiguration;
			buildSettings = {
				ALWAYS_SEARCH_USER_PATHS = NO;
				CLANG_CXX_LANGUAGE_STANDARD = "gnu++0x";
				CLANG_CXX_LIBRARY = "libc++";
				CLANG_ENABLE_MODULES = YES;
				CLANG_ENABLE_OBJC_ARC = YES;
				CLANG_WARN_BOOL_CONVERSION = YES;
				CLANG_WARN_CONSTANT_CONVERSION = YES;
				CLANG_WARN_DIRECT_OBJC_ISA_USAGE = YES_ERROR;
				CLANG_WARN_EMPTY_BODY = YES;
				CLANG_WARN_ENUM_CONVERSION = YES;
				CLANG_WARN_INT_CONVERSION = YES;
				CLANG_WARN_OBJC_ROOT_CLASS = YES_ERROR;
				CLANG_WARN_UNREACHABLE_CODE = YES;
				CLANG_WARN__DUPLICATE_METHOD_MATCH = YES;
				"CODE_SIGN_IDENTITY[sdk=iphoneos*]" = "iPhone Developer";
				COPY_PHASE_STRIP = NO;
				ENABLE_STRICT_OBJC_MSGSEND = YES;
				GCC_C_LANGUAGE_STANDARD = gnu99;
				GCC_DYNAMIC_NO_PIC = NO;
				GCC_OPTIMIZATION_LEVEL = 0;
				GCC_PREPROCESSOR_DEFINITIONS = (
					"DEBUG=1",
					"$(inherited)",
				);
				GCC_SYMBOLS_PRIVATE_EXTERN = NO;
				GCC_WARN_64_TO_32_BIT_CONVERSION = YES;
				GCC_WARN_ABOUT_RETURN_TYPE = YES_ERROR;
				GCC_WARN_UNDECLARED_SELECTOR = YES;
				GCC_WARN_UNINITIALIZED_AUTOS = YES_AGGRESSIVE;
				GCC_WARN_UNUSED_FUNCTION = YES;
				GCC_WARN_UNUSED_VARIABLE = YES;
				IPHONEOS_DEPLOYMENT_TARGET = 8.2;
				MTL_ENABLE_DEBUG_INFO = YES;
				ONLY_ACTIVE_ARCH = YES;
				SDKROOT = iphoneos;
				SWIFT_OPTIMIZATION_LEVEL = "-Onone";
			};
			name = Debug;
		};
		BFBCFF1D1A580C04001E65E3 /* Release */ = {
			isa = XCBuildConfiguration;
			buildSettings = {
				ALWAYS_SEARCH_USER_PATHS = NO;
				CLANG_CXX_LANGUAGE_STANDARD = "gnu++0x";
				CLANG_CXX_LIBRARY = "libc++";
				CLANG_ENABLE_MODULES = YES;
				CLANG_ENABLE_OBJC_ARC = YES;
				CLANG_WARN_BOOL_CONVERSION = YES;
				CLANG_WARN_CONSTANT_CONVERSION = YES;
				CLANG_WARN_DIRECT_OBJC_ISA_USAGE = YES_ERROR;
				CLANG_WARN_EMPTY_BODY = YES;
				CLANG_WARN_ENUM_CONVERSION = YES;
				CLANG_WARN_INT_CONVERSION = YES;
				CLANG_WARN_OBJC_ROOT_CLASS = YES_ERROR;
				CLANG_WARN_UNREACHABLE_CODE = YES;
				CLANG_WARN__DUPLICATE_METHOD_MATCH = YES;
				"CODE_SIGN_IDENTITY[sdk=iphoneos*]" = "iPhone Developer";
				COPY_PHASE_STRIP = NO;
				ENABLE_NS_ASSERTIONS = NO;
				ENABLE_STRICT_OBJC_MSGSEND = YES;
				GCC_C_LANGUAGE_STANDARD = gnu99;
				GCC_WARN_64_TO_32_BIT_CONVERSION = YES;
				GCC_WARN_ABOUT_RETURN_TYPE = YES_ERROR;
				GCC_WARN_UNDECLARED_SELECTOR = YES;
				GCC_WARN_UNINITIALIZED_AUTOS = YES_AGGRESSIVE;
				GCC_WARN_UNUSED_FUNCTION = YES;
				GCC_WARN_UNUSED_VARIABLE = YES;
				IPHONEOS_DEPLOYMENT_TARGET = 8.2;
				MTL_ENABLE_DEBUG_INFO = NO;
				SDKROOT = iphoneos;
				VALIDATE_PRODUCT = YES;
			};
			name = Release;
		};
		BFBCFF1F1A580C04001E65E3 /* Debug */ = {
			isa = XCBuildConfiguration;
			buildSettings = {
				ASSETCATALOG_COMPILER_APPICON_NAME = AppIcon;
				INFOPLIST_FILE = "Learning Maps/Info.plist";
				LD_RUNPATH_SEARCH_PATHS = "$(inherited) @executable_path/Frameworks";
				PRODUCT_NAME = "$(TARGET_NAME)";
			};
			name = Debug;
		};
		BFBCFF201A580C04001E65E3 /* Release */ = {
			isa = XCBuildConfiguration;
			buildSettings = {
				ASSETCATALOG_COMPILER_APPICON_NAME = AppIcon;
				INFOPLIST_FILE = "Learning Maps/Info.plist";
				LD_RUNPATH_SEARCH_PATHS = "$(inherited) @executable_path/Frameworks";
				PRODUCT_NAME = "$(TARGET_NAME)";
			};
			name = Release;
		};
		BFBCFF221A580C04001E65E3 /* Debug */ = {
			isa = XCBuildConfiguration;
			buildSettings = {
				BUNDLE_LOADER = "$(TEST_HOST)";
				FRAMEWORK_SEARCH_PATHS = (
					"$(SDKROOT)/Developer/Library/Frameworks",
					"$(inherited)",
				);
				GCC_PREPROCESSOR_DEFINITIONS = (
					"DEBUG=1",
					"$(inherited)",
				);
				INFOPLIST_FILE = "Learning MapsTests/Info.plist";
				LD_RUNPATH_SEARCH_PATHS = "$(inherited) @executable_path/Frameworks @loader_path/Frameworks";
				PRODUCT_NAME = "$(TARGET_NAME)";
				TEST_HOST = "$(BUILT_PRODUCTS_DIR)/Learning Maps.app/Learning Maps";
			};
			name = Debug;
		};
		BFBCFF231A580C04001E65E3 /* Release */ = {
			isa = XCBuildConfiguration;
			buildSettings = {
				BUNDLE_LOADER = "$(TEST_HOST)";
				FRAMEWORK_SEARCH_PATHS = (
					"$(SDKROOT)/Developer/Library/Frameworks",
					"$(inherited)",
				);
				INFOPLIST_FILE = "Learning MapsTests/Info.plist";
				LD_RUNPATH_SEARCH_PATHS = "$(inherited) @executable_path/Frameworks @loader_path/Frameworks";
				PRODUCT_NAME = "$(TARGET_NAME)";
				TEST_HOST = "$(BUILT_PRODUCTS_DIR)/Learning Maps.app/Learning Maps";
			};
			name = Release;
		};
/* End XCBuildConfiguration section */

/* Begin XCConfigurationList section */
		BFBCFEFA1A580C03001E65E3 /* Build configuration list for PBXProject "Learning Maps" */ = {
			isa = XCConfigurationList;
			buildConfigurations = (
				BFBCFF1C1A580C04001E65E3 /* Debug */,
				BFBCFF1D1A580C04001E65E3 /* Release */,
			);
			defaultConfigurationIsVisible = 0;
			defaultConfigurationName = Release;
		};
		BFBCFF1E1A580C04001E65E3 /* Build configuration list for PBXNativeTarget "Learning Maps" */ = {
			isa = XCConfigurationList;
			buildConfigurations = (
				BFBCFF1F1A580C04001E65E3 /* Debug */,
				BFBCFF201A580C04001E65E3 /* Release */,
			);
			defaultConfigurationIsVisible = 0;
		};
		BFBCFF211A580C04001E65E3 /* Build configuration list for PBXNativeTarget "Learning MapsTests" */ = {
			isa = XCConfigurationList;
			buildConfigurations = (
				BFBCFF221A580C04001E65E3 /* Debug */,
				BFBCFF231A580C04001E65E3 /* Release */,
			);
			defaultConfigurationIsVisible = 0;
		};
/* End XCConfigurationList section */
	};
	rootObject = BFBCFEF71A580C03001E65E3 /* Project object */;
}
