// !$*UTF8*$!
{
	archiveVersion = 1;
	classes = {
	};
	objectVersion = 46;
	objects = {

/* Begin PBXBuildFile section */
		BFD3CF521A67D3D6003F1AF7 /* AppDelegate.swift in Sources */ = {isa = PBXBuildFile; fileRef = BFD3CF511A67D3D6003F1AF7 /* AppDelegate.swift */; };
		BFD3CF551A67D3D6003F1AF7 /* Core_Data_Search_Replace_86.xcdatamodeld in Sources */ = {isa = PBXBuildFile; fileRef = BFD3CF531A67D3D6003F1AF7 /* Core_Data_Search_Replace_86.xcdatamodeld */; };
		BFD3CF571A67D3D6003F1AF7 /* ViewController.swift in Sources */ = {isa = PBXBuildFile; fileRef = BFD3CF561A67D3D6003F1AF7 /* ViewController.swift */; };
		BFD3CF5A1A67D3D6003F1AF7 /* Main.storyboard in Resources */ = {isa = PBXBuildFile; fileRef = BFD3CF581A67D3D6003F1AF7 /* Main.storyboard */; };
		BFD3CF5C1A67D3D6003F1AF7 /* Images.xcassets in Resources */ = {isa = PBXBuildFile; fileRef = BFD3CF5B1A67D3D6003F1AF7 /* Images.xcassets */; };
		BFD3CF5F1A67D3D6003F1AF7 /* LaunchScreen.xib in Resources */ = {isa = PBXBuildFile; fileRef = BFD3CF5D1A67D3D6003F1AF7 /* LaunchScreen.xib */; };
		BFD3CF6B1A67D3D6003F1AF7 /* Core_Data_Search_Replace_86Tests.swift in Sources */ = {isa = PBXBuildFile; fileRef = BFD3CF6A1A67D3D6003F1AF7 /* Core_Data_Search_Replace_86Tests.swift */; };
/* End PBXBuildFile section */

/* Begin PBXContainerItemProxy section */
		BFD3CF651A67D3D6003F1AF7 /* PBXContainerItemProxy */ = {
			isa = PBXContainerItemProxy;
			containerPortal = BFD3CF441A67D3D6003F1AF7 /* Project object */;
			proxyType = 1;
			remoteGlobalIDString = BFD3CF4B1A67D3D6003F1AF7;
			remoteInfo = "Core Data Search Replace 86";
		};
/* End PBXContainerItemProxy section */

/* Begin PBXFileReference section */
		BFD3CF4C1A67D3D6003F1AF7 /* Core Data Search Replace 86.app */ = {isa = PBXFileReference; explicitFileType = wrapper.application; includeInIndex = 0; path = "Core Data Search Replace 86.app"; sourceTree = BUILT_PRODUCTS_DIR; };
		BFD3CF501A67D3D6003F1AF7 /* Info.plist */ = {isa = PBXFileReference; lastKnownFileType = text.plist.xml; path = Info.plist; sourceTree = "<group>"; };
		BFD3CF511A67D3D6003F1AF7 /* AppDelegate.swift */ = {isa = PBXFileReference; lastKnownFileType = sourcecode.swift; path = AppDelegate.swift; sourceTree = "<group>"; };
		BFD3CF541A67D3D6003F1AF7 /* Core_Data_Search_Replace_86.xcdatamodel */ = {isa = PBXFileReference; lastKnownFileType = wrapper.xcdatamodel; path = Core_Data_Search_Replace_86.xcdatamodel; sourceTree = "<group>"; };
		BFD3CF561A67D3D6003F1AF7 /* ViewController.swift */ = {isa = PBXFileReference; lastKnownFileType = sourcecode.swift; path = ViewController.swift; sourceTree = "<group>"; };
		BFD3CF591A67D3D6003F1AF7 /* Base */ = {isa = PBXFileReference; lastKnownFileType = file.storyboard; name = Base; path = Base.lproj/Main.storyboard; sourceTree = "<group>"; };
		BFD3CF5B1A67D3D6003F1AF7 /* Images.xcassets */ = {isa = PBXFileReference; lastKnownFileType = folder.assetcatalog; path = Images.xcassets; sourceTree = "<group>"; };
		BFD3CF5E1A67D3D6003F1AF7 /* Base */ = {isa = PBXFileReference; lastKnownFileType = file.xib; name = Base; path = Base.lproj/LaunchScreen.xib; sourceTree = "<group>"; };
		BFD3CF641A67D3D6003F1AF7 /* Core Data Search Replace 86Tests.xctest */ = {isa = PBXFileReference; explicitFileType = wrapper.cfbundle; includeInIndex = 0; path = "Core Data Search Replace 86Tests.xctest"; sourceTree = BUILT_PRODUCTS_DIR; };
		BFD3CF691A67D3D6003F1AF7 /* Info.plist */ = {isa = PBXFileReference; lastKnownFileType = text.plist.xml; path = Info.plist; sourceTree = "<group>"; };
		BFD3CF6A1A67D3D6003F1AF7 /* Core_Data_Search_Replace_86Tests.swift */ = {isa = PBXFileReference; lastKnownFileType = sourcecode.swift; path = Core_Data_Search_Replace_86Tests.swift; sourceTree = "<group>"; };
/* End PBXFileReference section */

/* Begin PBXFrameworksBuildPhase section */
		BFD3CF491A67D3D6003F1AF7 /* Frameworks */ = {
			isa = PBXFrameworksBuildPhase;
			buildActionMask = 2147483647;
			files = (
			);
			runOnlyForDeploymentPostprocessing = 0;
		};
		BFD3CF611A67D3D6003F1AF7 /* Frameworks */ = {
			isa = PBXFrameworksBuildPhase;
			buildActionMask = 2147483647;
			files = (
			);
			runOnlyForDeploymentPostprocessing = 0;
		};
/* End PBXFrameworksBuildPhase section */

/* Begin PBXGroup section */
		BFD3CF431A67D3D6003F1AF7 = {
			isa = PBXGroup;
			children = (
				BFD3CF4E1A67D3D6003F1AF7 /* Core Data Search Replace 86 */,
				BFD3CF671A67D3D6003F1AF7 /* Core Data Search Replace 86Tests */,
				BFD3CF4D1A67D3D6003F1AF7 /* Products */,
			);
			sourceTree = "<group>";
		};
		BFD3CF4D1A67D3D6003F1AF7 /* Products */ = {
			isa = PBXGroup;
			children = (
				BFD3CF4C1A67D3D6003F1AF7 /* Core Data Search Replace 86.app */,
				BFD3CF641A67D3D6003F1AF7 /* Core Data Search Replace 86Tests.xctest */,
			);
			name = Products;
			sourceTree = "<group>";
		};
		BFD3CF4E1A67D3D6003F1AF7 /* Core Data Search Replace 86 */ = {
			isa = PBXGroup;
			children = (
				BFD3CF511A67D3D6003F1AF7 /* AppDelegate.swift */,
				BFD3CF561A67D3D6003F1AF7 /* ViewController.swift */,
				BFD3CF581A67D3D6003F1AF7 /* Main.storyboard */,
				BFD3CF5B1A67D3D6003F1AF7 /* Images.xcassets */,
				BFD3CF5D1A67D3D6003F1AF7 /* LaunchScreen.xib */,
				BFD3CF531A67D3D6003F1AF7 /* Core_Data_Search_Replace_86.xcdatamodeld */,
				BFD3CF4F1A67D3D6003F1AF7 /* Supporting Files */,
			);
			path = "Core Data Search Replace 86";
			sourceTree = "<group>";
		};
		BFD3CF4F1A67D3D6003F1AF7 /* Supporting Files */ = {
			isa = PBXGroup;
			children = (
				BFD3CF501A67D3D6003F1AF7 /* Info.plist */,
			);
			name = "Supporting Files";
			sourceTree = "<group>";
		};
		BFD3CF671A67D3D6003F1AF7 /* Core Data Search Replace 86Tests */ = {
			isa = PBXGroup;
			children = (
				BFD3CF6A1A67D3D6003F1AF7 /* Core_Data_Search_Replace_86Tests.swift */,
				BFD3CF681A67D3D6003F1AF7 /* Supporting Files */,
			);
			path = "Core Data Search Replace 86Tests";
			sourceTree = "<group>";
		};
		BFD3CF681A67D3D6003F1AF7 /* Supporting Files */ = {
			isa = PBXGroup;
			children = (
				BFD3CF691A67D3D6003F1AF7 /* Info.plist */,
			);
			name = "Supporting Files";
			sourceTree = "<group>";
		};
/* End PBXGroup section */

/* Begin PBXNativeTarget section */
		BFD3CF4B1A67D3D6003F1AF7 /* Core Data Search Replace 86 */ = {
			isa = PBXNativeTarget;
			buildConfigurationList = BFD3CF6E1A67D3D6003F1AF7 /* Build configuration list for PBXNativeTarget "Core Data Search Replace 86" */;
			buildPhases = (
				BFD3CF481A67D3D6003F1AF7 /* Sources */,
				BFD3CF491A67D3D6003F1AF7 /* Frameworks */,
				BFD3CF4A1A67D3D6003F1AF7 /* Resources */,
			);
			buildRules = (
			);
			dependencies = (
			);
			name = "Core Data Search Replace 86";
			productName = "Core Data Search Replace 86";
			productReference = BFD3CF4C1A67D3D6003F1AF7 /* Core Data Search Replace 86.app */;
			productType = "com.apple.product-type.application";
		};
		BFD3CF631A67D3D6003F1AF7 /* Core Data Search Replace 86Tests */ = {
			isa = PBXNativeTarget;
			buildConfigurationList = BFD3CF711A67D3D6003F1AF7 /* Build configuration list for PBXNativeTarget "Core Data Search Replace 86Tests" */;
			buildPhases = (
				BFD3CF601A67D3D6003F1AF7 /* Sources */,
				BFD3CF611A67D3D6003F1AF7 /* Frameworks */,
				BFD3CF621A67D3D6003F1AF7 /* Resources */,
			);
			buildRules = (
			);
			dependencies = (
				BFD3CF661A67D3D6003F1AF7 /* PBXTargetDependency */,
			);
			name = "Core Data Search Replace 86Tests";
			productName = "Core Data Search Replace 86Tests";
			productReference = BFD3CF641A67D3D6003F1AF7 /* Core Data Search Replace 86Tests.xctest */;
			productType = "com.apple.product-type.bundle.unit-test";
		};
/* End PBXNativeTarget section */

/* Begin PBXProject section */
		BFD3CF441A67D3D6003F1AF7 /* Project object */ = {
			isa = PBXProject;
			attributes = {
				LastUpgradeCheck = 0620;
				ORGANIZATIONNAME = dataclones;
				TargetAttributes = {
					BFD3CF4B1A67D3D6003F1AF7 = {
						CreatedOnToolsVersion = 6.2;
					};
					BFD3CF631A67D3D6003F1AF7 = {
						CreatedOnToolsVersion = 6.2;
						TestTargetID = BFD3CF4B1A67D3D6003F1AF7;
					};
				};
			};
			buildConfigurationList = BFD3CF471A67D3D6003F1AF7 /* Build configuration list for PBXProject "Core Data Search Replace 86" */;
			compatibilityVersion = "Xcode 3.2";
			developmentRegion = English;
			hasScannedForEncodings = 0;
			knownRegions = (
				en,
				Base,
			);
			mainGroup = BFD3CF431A67D3D6003F1AF7;
			productRefGroup = BFD3CF4D1A67D3D6003F1AF7 /* Products */;
			projectDirPath = "";
			projectRoot = "";
			targets = (
				BFD3CF4B1A67D3D6003F1AF7 /* Core Data Search Replace 86 */,
				BFD3CF631A67D3D6003F1AF7 /* Core Data Search Replace 86Tests */,
			);
		};
/* End PBXProject section */

/* Begin PBXResourcesBuildPhase section */
		BFD3CF4A1A67D3D6003F1AF7 /* Resources */ = {
			isa = PBXResourcesBuildPhase;
			buildActionMask = 2147483647;
			files = (
				BFD3CF5A1A67D3D6003F1AF7 /* Main.storyboard in Resources */,
				BFD3CF5F1A67D3D6003F1AF7 /* LaunchScreen.xib in Resources */,
				BFD3CF5C1A67D3D6003F1AF7 /* Images.xcassets in Resources */,
			);
			runOnlyForDeploymentPostprocessing = 0;
		};
		BFD3CF621A67D3D6003F1AF7 /* Resources */ = {
			isa = PBXResourcesBuildPhase;
			buildActionMask = 2147483647;
			files = (
			);
			runOnlyForDeploymentPostprocessing = 0;
		};
/* End PBXResourcesBuildPhase section */

/* Begin PBXSourcesBuildPhase section */
		BFD3CF481A67D3D6003F1AF7 /* Sources */ = {
			isa = PBXSourcesBuildPhase;
			buildActionMask = 2147483647;
			files = (
				BFD3CF571A67D3D6003F1AF7 /* ViewController.swift in Sources */,
				BFD3CF521A67D3D6003F1AF7 /* AppDelegate.swift in Sources */,
				BFD3CF551A67D3D6003F1AF7 /* Core_Data_Search_Replace_86.xcdatamodeld in Sources */,
			);
			runOnlyForDeploymentPostprocessing = 0;
		};
		BFD3CF601A67D3D6003F1AF7 /* Sources */ = {
			isa = PBXSourcesBuildPhase;
			buildActionMask = 2147483647;
			files = (
				BFD3CF6B1A67D3D6003F1AF7 /* Core_Data_Search_Replace_86Tests.swift in Sources */,
			);
			runOnlyForDeploymentPostprocessing = 0;
		};
/* End PBXSourcesBuildPhase section */

/* Begin PBXTargetDependency section */
		BFD3CF661A67D3D6003F1AF7 /* PBXTargetDependency */ = {
			isa = PBXTargetDependency;
			target = BFD3CF4B1A67D3D6003F1AF7 /* Core Data Search Replace 86 */;
			targetProxy = BFD3CF651A67D3D6003F1AF7 /* PBXContainerItemProxy */;
		};
/* End PBXTargetDependency section */

/* Begin PBXVariantGroup section */
		BFD3CF581A67D3D6003F1AF7 /* Main.storyboard */ = {
			isa = PBXVariantGroup;
			children = (
				BFD3CF591A67D3D6003F1AF7 /* Base */,
			);
			name = Main.storyboard;
			sourceTree = "<group>";
		};
		BFD3CF5D1A67D3D6003F1AF7 /* LaunchScreen.xib */ = {
			isa = PBXVariantGroup;
			children = (
				BFD3CF5E1A67D3D6003F1AF7 /* Base */,
			);
			name = LaunchScreen.xib;
			sourceTree = "<group>";
		};
/* End PBXVariantGroup section */

/* Begin XCBuildConfiguration section */
		BFD3CF6C1A67D3D6003F1AF7 /* Debug */ = {
			isa = XCBuildConfiguration;
			buildSettings = {
				ALWAYS_SEARCH_USER_PATHS = NO;
				CLANG_CXX_LANGUAGE_STANDARD = "gnu++0x";
				CLANG_CXX_LIBRARY = "libc++";
				CLANG_ENABLE_MODULES = YES;
				CLANG_ENABLE_OBJC_ARC = YES;
				CLANG_WARN_BOOL_CONVERSION = YES;
				CLANG_WARN_CONSTANT_CONVERSION = YES;
				CLANG_WARN_DIRECT_OBJC_ISA_USAGE = YES_ERROR;
				CLANG_WARN_EMPTY_BODY = YES;
				CLANG_WARN_ENUM_CONVERSION = YES;
				CLANG_WARN_INT_CONVERSION = YES;
				CLANG_WARN_OBJC_ROOT_CLASS = YES_ERROR;
				CLANG_WARN_UNREACHABLE_CODE = YES;
				CLANG_WARN__DUPLICATE_METHOD_MATCH = YES;
				"CODE_SIGN_IDENTITY[sdk=iphoneos*]" = "iPhone Developer";
				COPY_PHASE_STRIP = NO;
				ENABLE_STRICT_OBJC_MSGSEND = YES;
				GCC_C_LANGUAGE_STANDARD = gnu99;
				GCC_DYNAMIC_NO_PIC = NO;
				GCC_OPTIMIZATION_LEVEL = 0;
				GCC_PREPROCESSOR_DEFINITIONS = (
					"DEBUG=1",
					"$(inherited)",
				);
				GCC_SYMBOLS_PRIVATE_EXTERN = NO;
				GCC_WARN_64_TO_32_BIT_CONVERSION = YES;
				GCC_WARN_ABOUT_RETURN_TYPE = YES_ERROR;
				GCC_WARN_UNDECLARED_SELECTOR = YES;
				GCC_WARN_UNINITIALIZED_AUTOS = YES_AGGRESSIVE;
				GCC_WARN_UNUSED_FUNCTION = YES;
				GCC_WARN_UNUSED_VARIABLE = YES;
				IPHONEOS_DEPLOYMENT_TARGET = 8.2;
				MTL_ENABLE_DEBUG_INFO = YES;
				ONLY_ACTIVE_ARCH = YES;
				SDKROOT = iphoneos;
				SWIFT_OPTIMIZATION_LEVEL = "-Onone";
			};
			name = Debug;
		};
		BFD3CF6D1A67D3D6003F1AF7 /* Release */ = {
			isa = XCBuildConfiguration;
			buildSettings = {
				ALWAYS_SEARCH_USER_PATHS = NO;
				CLANG_CXX_LANGUAGE_STANDARD = "gnu++0x";
				CLANG_CXX_LIBRARY = "libc++";
				CLANG_ENABLE_MODULES = YES;
				CLANG_ENABLE_OBJC_ARC = YES;
				CLANG_WARN_BOOL_CONVERSION = YES;
				CLANG_WARN_CONSTANT_CONVERSION = YES;
				CLANG_WARN_DIRECT_OBJC_ISA_USAGE = YES_ERROR;
				CLANG_WARN_EMPTY_BODY = YES;
				CLANG_WARN_ENUM_CONVERSION = YES;
				CLANG_WARN_INT_CONVERSION = YES;
				CLANG_WARN_OBJC_ROOT_CLASS = YES_ERROR;
				CLANG_WARN_UNREACHABLE_CODE = YES;
				CLANG_WARN__DUPLICATE_METHOD_MATCH = YES;
				"CODE_SIGN_IDENTITY[sdk=iphoneos*]" = "iPhone Developer";
				COPY_PHASE_STRIP = NO;
				ENABLE_NS_ASSERTIONS = NO;
				ENABLE_STRICT_OBJC_MSGSEND = YES;
				GCC_C_LANGUAGE_STANDARD = gnu99;
				GCC_WARN_64_TO_32_BIT_CONVERSION = YES;
				GCC_WARN_ABOUT_RETURN_TYPE = YES_ERROR;
				GCC_WARN_UNDECLARED_SELECTOR = YES;
				GCC_WARN_UNINITIALIZED_AUTOS = YES_AGGRESSIVE;
				GCC_WARN_UNUSED_FUNCTION = YES;
				GCC_WARN_UNUSED_VARIABLE = YES;
				IPHONEOS_DEPLOYMENT_TARGET = 8.2;
				MTL_ENABLE_DEBUG_INFO = NO;
				SDKROOT = iphoneos;
				VALIDATE_PRODUCT = YES;
			};
			name = Release;
		};
		BFD3CF6F1A67D3D6003F1AF7 /* Debug */ = {
			isa = XCBuildConfiguration;
			buildSettings = {
				ASSETCATALOG_COMPILER_APPICON_NAME = AppIcon;
				INFOPLIST_FILE = "Core Data Search Replace 86/Info.plist";
				LD_RUNPATH_SEARCH_PATHS = "$(inherited) @executable_path/Frameworks";
				PRODUCT_NAME = "$(TARGET_NAME)";
			};
			name = Debug;
		};
		BFD3CF701A67D3D6003F1AF7 /* Release */ = {
			isa = XCBuildConfiguration;
			buildSettings = {
				ASSETCATALOG_COMPILER_APPICON_NAME = AppIcon;
				INFOPLIST_FILE = "Core Data Search Replace 86/Info.plist";
				LD_RUNPATH_SEARCH_PATHS = "$(inherited) @executable_path/Frameworks";
				PRODUCT_NAME = "$(TARGET_NAME)";
			};
			name = Release;
		};
		BFD3CF721A67D3D6003F1AF7 /* Debug */ = {
			isa = XCBuildConfiguration;
			buildSettings = {
				BUNDLE_LOADER = "$(TEST_HOST)";
				FRAMEWORK_SEARCH_PATHS = (
					"$(SDKROOT)/Developer/Library/Frameworks",
					"$(inherited)",
				);
				GCC_PREPROCESSOR_DEFINITIONS = (
					"DEBUG=1",
					"$(inherited)",
				);
				INFOPLIST_FILE = "Core Data Search Replace 86Tests/Info.plist";
				LD_RUNPATH_SEARCH_PATHS = "$(inherited) @executable_path/Frameworks @loader_path/Frameworks";
				PRODUCT_NAME = "$(TARGET_NAME)";
				TEST_HOST = "$(BUILT_PRODUCTS_DIR)/Core Data Search Replace 86.app/Core Data Search Replace 86";
			};
			name = Debug;
		};
		BFD3CF731A67D3D6003F1AF7 /* Release */ = {
			isa = XCBuildConfiguration;
			buildSettings = {
				BUNDLE_LOADER = "$(TEST_HOST)";
				FRAMEWORK_SEARCH_PATHS = (
					"$(SDKROOT)/Developer/Library/Frameworks",
					"$(inherited)",
				);
				INFOPLIST_FILE = "Core Data Search Replace 86Tests/Info.plist";
				LD_RUNPATH_SEARCH_PATHS = "$(inherited) @executable_path/Frameworks @loader_path/Frameworks";
				PRODUCT_NAME = "$(TARGET_NAME)";
				TEST_HOST = "$(BUILT_PRODUCTS_DIR)/Core Data Search Replace 86.app/Core Data Search Replace 86";
			};
			name = Release;
		};
/* End XCBuildConfiguration section */

/* Begin XCConfigurationList section */
		BFD3CF471A67D3D6003F1AF7 /* Build configuration list for PBXProject "Core Data Search Replace 86" */ = {
			isa = XCConfigurationList;
			buildConfigurations = (
				BFD3CF6C1A67D3D6003F1AF7 /* Debug */,
				BFD3CF6D1A67D3D6003F1AF7 /* Release */,
			);
			defaultConfigurationIsVisible = 0;
			defaultConfigurationName = Release;
		};
		BFD3CF6E1A67D3D6003F1AF7 /* Build configuration list for PBXNativeTarget "Core Data Search Replace 86" */ = {
			isa = XCConfigurationList;
			buildConfigurations = (
				BFD3CF6F1A67D3D6003F1AF7 /* Debug */,
				BFD3CF701A67D3D6003F1AF7 /* Release */,
			);
			defaultConfigurationIsVisible = 0;
		};
		BFD3CF711A67D3D6003F1AF7 /* Build configuration list for PBXNativeTarget "Core Data Search Replace 86Tests" */ = {
			isa = XCConfigurationList;
			buildConfigurations = (
				BFD3CF721A67D3D6003F1AF7 /* Debug */,
				BFD3CF731A67D3D6003F1AF7 /* Release */,
			);
			defaultConfigurationIsVisible = 0;
		};
/* End XCConfigurationList section */

/* Begin XCVersionGroup section */
		BFD3CF531A67D3D6003F1AF7 /* Core_Data_Search_Replace_86.xcdatamodeld */ = {
			isa = XCVersionGroup;
			children = (
				BFD3CF541A67D3D6003F1AF7 /* Core_Data_Search_Replace_86.xcdatamodel */,
			);
			currentVersion = BFD3CF541A67D3D6003F1AF7 /* Core_Data_Search_Replace_86.xcdatamodel */;
			path = Core_Data_Search_Replace_86.xcdatamodeld;
			sourceTree = "<group>";
			versionGroupType = wrapper.xcdatamodel;
		};
/* End XCVersionGroup section */
	};
	rootObject = BFD3CF441A67D3D6003F1AF7 /* Project object */;
}
